# This file was autogenerated by Stack.
# You should not edit this file by hand.
# For more information, please see the documentation at:
#   https://docs.haskellstack.org/en/stable/lock_files

packages: []
snapshots:
- completed:
    sha256: 3aff8d9b181544969d4843ab1c519a472200b09f8616aff09852b5d783677beb
    size: 600986
    url: https://raw.githubusercontent.com/commercialhaskell/stackage-snapshots/master/nightly/2023/4/3.yaml
  original: nightly-2023-04-03
